github.com/StackExchange/wmi v0.0.0-20190523213315-cbe66965904d/go.mod h1:3eOhrUMpNV+6aFIbp5/iudMxNCF27Vw2OZgy4xEx0Fg=
github.com/fsnotify/fsnotify v1.4.9 h1:hsms1Qyu0jgnwNXIxa+/V/PDsU6CfLf6CNO8H7IWoS4=
github.com/fsnotify/fsnotify v1.4.9/go.mod h1:znqG4EE+3YCdAaPaxE2ZRY/06pZUdp0tY4IgpuI1SZQ=
github.com/go-ole/go-ole v1.2.4/go.mod h1:XCwSNxSkXRo4vlyPy93sltvi/qJq0jqQhjqQNIwKuxM=
github.com/google/gousb v0.0.0-20190525092738-2dc560e6bea3/go.mod h1:Tl4HdAs1ThE3gECkNwz+1MWicX6FXddhJEw7L8jRDiI=
github.com/maruel/anim1d v1.0.1 h1:LTl68K3qe4TqmrU0bWJuFn+1Rk9P6K1PL89UQ+cCQ80=
github.com/maruel/anim1d v1.0.1/go.mod h1:KhDEAQ0Cxs/WlNejBuPgpJ87TwDOYRqNn1OUUU3z4SE=
github.com/maruel/ansi256 v1.0.0/go.mod h1:TRJwQ7LqnqgZq0zP9lRNEO9hlwgPbUy5JY6dc0d442k=
github.com/maruel/fastbezier v1.0.0 h1:ImBKKaW7CKTW+2IihO26o8EAn68XunYO8YBnebezSJg=
github.com/maruel/fastbezier v1.0.0/go.mod h1:/XgAxrOGEO0bbSDU/IWYcEa8/rwRKktTMGMgGCf/FjE=
github.com/maruel/fastbezier v1.0.1 h1:q2LyrxIhiNvAC3r29MM4TnCrm+oGW/+2EKIefKnqfPM=
github.com/maruel/fastbezier v1.0.1/go.mod h1:hlhagnOQw/T9XpZpXv1BjHXbgJfm1IHZ+oSp1N9yEn8=
github.com/maruel/interrupt v1.0.2 h1:DAMgCOY0EI8jOOyB3rvZl//z/2+2gyXMO68AwDyFgN4=
github.com/maruel/interrupt v1.0.2/go.mod h1:hOQDniRQ80YtuoImS/OFP3TkHY1F6dW8PSvIkN8Tdkg=
github.com/maruel/msgbus v2.0.0+incompatible h1:vhTkDe0EZvlp6v6IapKGm/VwUTi1Ms5hruP2HgaONHA=
github.com/maruel/msgbus v2.0.0+incompatible/go.mod h1:1oCS0VLYAWP7drcHJSQrgh0uMr+0J6nPt/gfoGxPkqI=
github.com/maruel/paho.mqtt.golang v1.1.0 h1:cO/a7hEllLSJe3w87MMxbrsqfKYwsqkfsDagu/k5QrQ=
github.com/maruel/paho.mqtt.golang v1.1.0/go.mod h1:b2sekOrSYVTQ3Hzd0O193saAbzzXjtgmzkH/KzzE1nQ=
github.com/maruel/psf v1.0.0 h1:u9hQtW/vMfFyqN/K9/tg+uYE6iu8kbi520ifftFQBlo=
github.com/maruel/psf v1.0.0/go.mod h1:MgWyJfILd/drZ0oUd8FkdJZ7sRJZDymqIL1XrspO3oM=
github.com/maruel/serve-dir v1.0.3 h1:+8arn0wovNiruxNkztMu85SPujrUoI/zh5icX5ZzYWE=
github.com/maruel/serve-dir v1.0.3/go.mod h1:S2N4CoGSYnoV1K3Ke3529yIpQPArEOhWeqS1Gk6yr50=
github.com/mattn/go-colorable v0.1.2/go.mod h1:U0ppj6V5qS13XJ6of8GYAs25YV2eR4EVcfRqFIhoBtE=
github.com/mattn/go-isatty v0.0.8/go.mod h1:Iq45c/XA43vh69/j3iqttzPXn0bhXyGjM0Hdxcsrc5s=
golang.org/x/sys v0.0.0-20190222072716-a9d3bda3a223 h1:DH4skfRX4EBpamg7iV4ZlCpblAHI6s6TDM39bFZumv8=
golang.org/x/sys v0.0.0-20190222072716-a9d3bda3a223/go.mod h1:STP8DvDyc/dI5b8T5hshtkjS+E42TnysNCUPdjciGhY=
golang.org/x/sys v0.0.0-20191005200804-aed5e4c7ecf9 h1:L2auWcuQIvxz9xSEqzESnV/QN/gNRXNApHi3fYwl2w0=
golang.org/x/sys v0.0.0-20191005200804-aed5e4c7ecf9/go.mod h1:h1NjWce9XRLGQEsW7wpKNCjG9DtNlClVuFLEZdDNbEs=
golang.org/x/sys v0.0.0-20200814200057-3d37ad5750ed h1:J22ig1FUekjjkmZUM7pTKixYm8DvrYsvrBZdunYeIuQ=
golang.org/x/sys v0.0.0-20200814200057-3d37ad5750ed/go.mod h1:h1NjWce9XRLGQEsW7wpKNCjG9DtNlClVuFLEZdDNbEs=
gopkg.in/fsnotify.v1 v1.4.7 h1:xOHLXZwVvI9hhs+cLKq5+I5onOuwQLhQwiu63xxlHs4=
gopkg.in/fsnotify.v1 v1.4.7/go.mod h1:Tz8NjZHkW78fSQdbUxIjBTcgA1z1m8ZHf0WmKUhAMys=
periph.io/x/extra v0.0.0-20200225150845-c5a4b83ade91/go.mod h1:kTyJlxrmvqQ5e5/77r9TCE1YWyxVpYBYt8nnB3E5Xgo=
periph.io/x/periph v3.6.2+incompatible/go.mod h1:EWr+FCIU2dBWz5/wSWeiIUJTriYv9v2j2ENBmgYyy7Y=
periph.io/x/periph v3.6.4+incompatible h1:8FyXTbu9lcMVofz8mf+cj1pzTLN4V6EuPY2EF+DoJF4=
periph.io/x/periph v3.6.4+incompatible/go.mod h1:EWr+FCIU2dBWz5/wSWeiIUJTriYv9v2j2ENBmgYyy7Y=
