# This file is autogenerated, do not edit; changes may be undone by the next 'dep ensure'.


[[projects]]
  name = "github.com/maruel/anim1d"
  packages = ["."]
  revision = "a38bd533151fd1d4d4b01fa8516db182f922ef4e"
  version = "v1.0.0"

[[projects]]
  name = "github.com/maruel/fastbezier"
  packages = [".","internal"]
  revision = "8cc3e0363da2269aa4d9827e04e29a52718f581a"
  version = "v1.0.0"

[[projects]]
  name = "github.com/maruel/interrupt"
  packages = ["."]
  revision = "4927dd3eb7edc3a1e17c4316a7c9fe55b76e504a"
  version = "v1.0.1"

[[projects]]
  name = "github.com/maruel/msgbus"
  packages = ["."]
  revision = "4b870f087fb696b05f72a4662ce5200b9b98fe07"
  version = "v1.0.0"

[[projects]]
  name = "github.com/maruel/paho.mqtt.golang"
  packages = [".","packets"]
  revision = "c4eb49860ff3b5f2a624999609d9701c63079a24"
  version = "v1.1.0"

[[projects]]
  name = "github.com/maruel/psf"
  packages = ["."]
  revision = "ca6520c79e4c877b8a44f3275fb10790e9b09129"
  version = "v1.0.0"

[[projects]]
  name = "github.com/maruel/serve-dir"
  packages = ["loghttp"]
  revision = "8b89ec20289fc16ef02aa0b8775fa3c769674aff"
  version = "v1.0.1"

[[projects]]
  branch = "master"
  name = "golang.org/x/sys"
  packages = ["unix"]
  revision = "2d6f6f883a06fc0d5f4b14a81e4c28705ea64c15"

[[projects]]
  name = "gopkg.in/fsnotify.v1"
  packages = ["."]
  revision = "629574ca2a5df945712d3079857300b5e4da0236"
  version = "v1.4.2"

[[projects]]
  name = "periph.io/x/periph"
  packages = [".","conn","conn/gpio","conn/gpio/gpioreg","conn/i2c","conn/i2c/i2creg","conn/ir","conn/pin","conn/pin/pinreg","conn/spi","conn/spi/spireg","devices","devices/apa102","devices/lirc","devices/ssd1306","devices/ssd1306/image1bit","host","host/allwinner","host/bcm283x","host/chip","host/cpu","host/distro","host/fs","host/odroidc1","host/pine64","host/pmem","host/rpi","host/sysfs","host/videocore"]
  revision = "687bb43ba5ad417371dc0d1a1f7189119aafcede"
  version = "v2.0.0"

[solve-meta]
  analyzer-name = "dep"
  analyzer-version = 1
  inputs-digest = "f8627843a2032f243d0c15a44b3f54d91530556cc3ad2c3dc370989878a3c0a7"
  solver-name = "gps-cdcl"
  solver-version = 1
